
Microsoft Visual Studio Solution File, Format Version 12.00
# Visual Studio Version 17
VisualStudioVersion = 17.5.002.0
MinimumVisualStudioVersion = 10.0.40219.1
Project("{9A19103F-16F7-4668-BE54-9A1E7A4F7556}") = "challengeProject1", "challengeProject1.csproj", "{01353220-3C95-4DC2-BFAC-9E022B838D42}"
EndProject
Global
	GlobalSection(SolutionConfigurationPlatforms) = preSolution
		Debug|Any CPU = Debug|Any CPU
		Release|Any CPU = Release|Any CPU
	EndGlobalSection
	GlobalSection(ProjectConfigurationPlatforms) = postSolution
		{01353220-3C95-4DC2-BFAC-9E022B838D42}.Debug|Any CPU.ActiveCfg = Debug|Any CPU
		{01353220-3C95-4DC2-BFAC-9E022B838D42}.Debug|Any CPU.Build.0 = Debug|Any CPU
		{01353220-3C95-4DC2-BFAC-9E022B838D42}.Release|Any CPU.ActiveCfg = Release|Any CPU
		{01353220-3C95-4DC2-BFAC-9E022B838D42}.Release|Any CPU.Build.0 = Release|Any CPU
	EndGlobalSection
	GlobalSection(SolutionProperties) = preSolution
		HideSolutionNode = FALSE
	EndGlobalSection
	GlobalSection(ExtensibilityGlobals) = postSolution
		SolutionGuid = {9E45BE60-2CCF-4F6D-8454-4AD53A45E734}
	EndGlobalSection
EndGlobal
